
Microsoft Visual Studio Solution File, Format Version 12.00
# Visual Studio Version 16
VisualStudioVersion = 16.0.30804.86
MinimumVisualStudioVersion = 10.0.40219.1
Project("{FAE04EC0-301F-11D3-BF4B-00C04F79EFBC}") = "Classifacation", "Classifacation.csproj", "{74AF00DA-CC1C-412D-AB8C-D6A6A979FFC8}"
EndProject
Global
	GlobalSection(SolutionConfigurationPlatforms) = preSolution
		Debug|Any CPU = Debug|Any CPU
		Release|Any CPU = Release|Any CPU
	EndGlobalSection
	GlobalSection(ProjectConfigurationPlatforms) = postSolution
		{74AF00DA-CC1C-412D-AB8C-D6A6A979FFC8}.Debug|Any CPU.ActiveCfg = Debug|Any CPU
		{74AF00DA-CC1C-412D-AB8C-D6A6A979FFC8}.Debug|Any CPU.Build.0 = Debug|Any CPU
		{74AF00DA-CC1C-412D-AB8C-D6A6A979FFC8}.Release|Any CPU.ActiveCfg = Release|Any CPU
		{74AF00DA-CC1C-412D-AB8C-D6A6A979FFC8}.Release|Any CPU.Build.0 = Release|Any CPU
	EndGlobalSection
	GlobalSection(SolutionProperties) = preSolution
		HideSolutionNode = FALSE
	EndGlobalSection
	GlobalSection(ExtensibilityGlobals) = postSolution
		SolutionGuid = {74A523C3-4FEC-45BF-9E66-A8C5AD14F94C}
	EndGlobalSection
EndGlobal
